
Microsoft Visual Studio Solution File, Format Version 12.00
# 
VisualStudioVersion = 17.5.002.0
MinimumVisualStudioVersion = 
Project("{FAE04EC0-301F-11D3-BF4B-00C04F79EFBC}") = "HaulThis", "HaulThis.csproj", "{903EA70C-6966-43FA-89DF-17EB013EED2F}"
EndProject
Project("{FAE04EC0-301F-11D3-BF4B-00C04F79EFBC}") = "HaulThis.Database", "..\HaulThis.Database\HaulThis.Database.csproj", "{09CB82EC-BFB0-4D02-9902-6F70DCA7FA4B}"
EndProject
Project("{FAE04EC0-301F-11D3-BF4B-00C04F79EFBC}") = "HaulThis.Migrations", "..\HaulThis.Migrations\HaulThis.Migrations.csproj", "{73101D1F-2AE0-4B2B-8334-6250169B7A1B}"
EndProject
Global
	GlobalSection(SolutionConfigurationPlatforms) = preSolution
		Debug|Any CPU = Debug|Any CPU
		Release|Any CPU = Release|Any CPU
	EndGlobalSection
	GlobalSection(ProjectConfigurationPlatforms) = postSolution
		{903EA70C-6966-43FA-89DF-17EB013EED2F}.Debug|Any CPU.ActiveCfg = Debug|Any CPU
		{903EA70C-6966-43FA-89DF-17EB013EED2F}.Debug|Any CPU.Build.0 = Debug|Any CPU
		{903EA70C-6966-43FA-89DF-17EB013EED2F}.Release|Any CPU.ActiveCfg = Release|Any CPU
		{903EA70C-6966-43FA-89DF-17EB013EED2F}.Release|Any CPU.Build.0 = Release|Any CPU
		{09CB82EC-BFB0-4D02-9902-6F70DCA7FA4B}.Debug|Any CPU.ActiveCfg = Debug|Any CPU
		{09CB82EC-BFB0-4D02-9902-6F70DCA7FA4B}.Debug|Any CPU.Build.0 = Debug|Any CPU
		{09CB82EC-BFB0-4D02-9902-6F70DCA7FA4B}.Release|Any CPU.ActiveCfg = Release|Any CPU
		{09CB82EC-BFB0-4D02-9902-6F70DCA7FA4B}.Release|Any CPU.Build.0 = Release|Any CPU
		{73101D1F-2AE0-4B2B-8334-6250169B7A1B}.Debug|Any CPU.ActiveCfg = Debug|Any CPU
		{73101D1F-2AE0-4B2B-8334-6250169B7A1B}.Debug|Any CPU.Build.0 = Debug|Any CPU
		{73101D1F-2AE0-4B2B-8334-6250169B7A1B}.Release|Any CPU.ActiveCfg = Release|Any CPU
		{73101D1F-2AE0-4B2B-8334-6250169B7A1B}.Release|Any CPU.Build.0 = Release|Any CPU
	EndGlobalSection
	GlobalSection(SolutionProperties) = preSolution
		HideSolutionNode = FALSE
	EndGlobalSection
EndGlobal
